{
  "name": "react-navigation-addon-search-layout",
  "version": "0.13.1",
  "lockfileVersion": 1,
  "requires": true,
  "dependencies": {
    "react-native-iphone-x-helper": {
      "version": "1.2.0",
      "resolved": "https://registry.yarnpkg.com/react-native-iphone-x-helper/-/react-native-iphone-x-helper-1.2.0.tgz#9f8a376eb00bc712115abff4420318a0063fa796",
      "integrity": "sha512-xIeTo4s77wwKgBZLVRIZC9tM9/PkXS46Ul76NXmvmixEb3ZwqGdQesR3zRiLMOoIdfOURB6N9bba9po7+x9Bag=="
    },
    "react-native-platform-touchable": {
      "version": "1.1.1",
      "resolved": "https://registry.npmjs.org/react-native-platform-touchable/-/react-native-platform-touchable-1.1.1.tgz",
      "integrity": "sha1-/eSsxl7qWF0osWTQw3FqQhKaaOQ="
    }
  }
}
